
Microsoft Visual Studio Solution File, Format Version 12.00
# Visual Studio Version 16
VisualStudioVersion = 16.0.29306.81
MinimumVisualStudioVersion = 10.0.40219.1
Project("{2150E333-8FDC-42A3-9474-1A3956D46DE8}") = "src", "src", "{ABF32716-507B-4E2A-AE5C-0DE7B04A25FB}"
EndProject
Project("{FAE04EC0-301F-11D3-BF4B-00C04F79EFBC}") = "CreateAndFake.xUnit.v2", "src\xUnit.v2\CreateAndFake.xUnit.v2.csproj", "{19E33885-7A8F-482F-87D8-60B3130C356A}"
EndProject
Project("{2150E333-8FDC-42A3-9474-1A3956D46DE8}") = "tests", "tests", "{2C249A9C-59D8-4469-BEA5-8FFE4EC7D682}"
EndProject
Project("{FAE04EC0-301F-11D3-BF4B-00C04F79EFBC}") = "CreateAndFakeTests", "tests\CoreTests\CreateAndFakeTests.csproj", "{D1B935DB-DB2F-4DD7-9A01-E5DCDBD790A4}"
EndProject
Project("{FAE04EC0-301F-11D3-BF4B-00C04F79EFBC}") = "CreateAndFake", "src\Core\CreateAndFake.csproj", "{C64D1DBA-4539-41AC-ADC6-5A602D15D2AB}"
EndProject
Project("{FAE04EC0-301F-11D3-BF4B-00C04F79EFBC}") = "CreateAndFake.xUnit.v2Tests", "tests\xUnit.v2Tests\CreateAndFake.xUnit.v2Tests.csproj", "{240A3A37-FAAF-4AFD-9157-713543FE0F4A}"
EndProject
Project("{FAE04EC0-301F-11D3-BF4B-00C04F79EFBC}") = "CreateAndFake.xUnit.v3", "src\xUnit.v3\CreateAndFake.xUnit.v3.csproj", "{AC44434A-30B5-4F5B-A8EF-D14544DA01FE}"
EndProject
Project("{FAE04EC0-301F-11D3-BF4B-00C04F79EFBC}") = "CreateAndFake.xUnit.v3Tests", "tests\xUnit.v3Tests\CreateAndFake.xUnit.v3Tests.csproj", "{A1E5804E-6D42-4547-8336-38736345F565}"
EndProject
Project("{FAE04EC0-301F-11D3-BF4B-00C04F79EFBC}") = "CreateAndFake.MSTest", "src\MSTest\CreateAndFake.MSTest.csproj", "{00125200-BC27-4C46-937F-F5A4066246B4}"
EndProject
Project("{FAE04EC0-301F-11D3-BF4B-00C04F79EFBC}") = "CreateAndFake.MSTestTests", "tests\MSTestTests\CreateAndFake.MSTestTests.csproj", "{BE3B9E4A-719D-4AB6-82CC-9B692A59A069}"
EndProject
Project("{FAE04EC0-301F-11D3-BF4B-00C04F79EFBC}") = "CreateAndFake.NUnit", "src\NUnit\CreateAndFake.NUnit.csproj", "{607732CA-AC60-430D-9BB9-269F5F1E6303}"
EndProject
Project("{FAE04EC0-301F-11D3-BF4B-00C04F79EFBC}") = "CreateAndFake.NUnitTests", "tests\NUnitTests\CreateAndFake.NUnitTests.csproj", "{7D95EE16-95A3-4048-AA22-797ADA93762A}"
EndProject
Project("{FAE04EC0-301F-11D3-BF4B-00C04F79EFBC}") = "CreateAndFake.Design", "src\Design\CreateAndFake.Design.csproj", "{E02453E4-9D50-46D6-A802-253EE6095AD5}"
EndProject
Project("{FAE04EC0-301F-11D3-BF4B-00C04F79EFBC}") = "CreateAndFake.DesignTests", "tests\DesignTests\CreateAndFake.DesignTests.csproj", "{570CA8DC-A26A-499F-AAB5-D0EA765C5C0E}"
EndProject
Global
	GlobalSection(SolutionConfigurationPlatforms) = preSolution
		Debug|Any CPU = Debug|Any CPU
		Release|Any CPU = Release|Any CPU
	EndGlobalSection
	GlobalSection(ProjectConfigurationPlatforms) = postSolution
		{19E33885-7A8F-482F-87D8-60B3130C356A}.Debug|Any CPU.ActiveCfg = Debug|Any CPU
		{19E33885-7A8F-482F-87D8-60B3130C356A}.Debug|Any CPU.Build.0 = Debug|Any CPU
		{19E33885-7A8F-482F-87D8-60B3130C356A}.Release|Any CPU.ActiveCfg = Release|Any CPU
		{19E33885-7A8F-482F-87D8-60B3130C356A}.Release|Any CPU.Build.0 = Release|Any CPU
		{D1B935DB-DB2F-4DD7-9A01-E5DCDBD790A4}.Debug|Any CPU.ActiveCfg = Debug|Any CPU
		{D1B935DB-DB2F-4DD7-9A01-E5DCDBD790A4}.Debug|Any CPU.Build.0 = Debug|Any CPU
		{D1B935DB-DB2F-4DD7-9A01-E5DCDBD790A4}.Release|Any CPU.ActiveCfg = Release|Any CPU
		{D1B935DB-DB2F-4DD7-9A01-E5DCDBD790A4}.Release|Any CPU.Build.0 = Release|Any CPU
		{C64D1DBA-4539-41AC-ADC6-5A602D15D2AB}.Debug|Any CPU.ActiveCfg = Debug|Any CPU
		{C64D1DBA-4539-41AC-ADC6-5A602D15D2AB}.Debug|Any CPU.Build.0 = Debug|Any CPU
		{C64D1DBA-4539-41AC-ADC6-5A602D15D2AB}.Release|Any CPU.ActiveCfg = Release|Any CPU
		{C64D1DBA-4539-41AC-ADC6-5A602D15D2AB}.Release|Any CPU.Build.0 = Release|Any CPU
		{240A3A37-FAAF-4AFD-9157-713543FE0F4A}.Debug|Any CPU.ActiveCfg = Debug|Any CPU
		{240A3A37-FAAF-4AFD-9157-713543FE0F4A}.Debug|Any CPU.Build.0 = Debug|Any CPU
		{240A3A37-FAAF-4AFD-9157-713543FE0F4A}.Release|Any CPU.ActiveCfg = Release|Any CPU
		{240A3A37-FAAF-4AFD-9157-713543FE0F4A}.Release|Any CPU.Build.0 = Release|Any CPU
		{AC44434A-30B5-4F5B-A8EF-D14544DA01FE}.Debug|Any CPU.ActiveCfg = Debug|Any CPU
		{AC44434A-30B5-4F5B-A8EF-D14544DA01FE}.Debug|Any CPU.Build.0 = Debug|Any CPU
		{AC44434A-30B5-4F5B-A8EF-D14544DA01FE}.Release|Any CPU.ActiveCfg = Release|Any CPU
		{AC44434A-30B5-4F5B-A8EF-D14544DA01FE}.Release|Any CPU.Build.0 = Release|Any CPU
		{A1E5804E-6D42-4547-8336-38736345F565}.Debug|Any CPU.ActiveCfg = Debug|Any CPU
		{A1E5804E-6D42-4547-8336-38736345F565}.Debug|Any CPU.Build.0 = Debug|Any CPU
		{A1E5804E-6D42-4547-8336-38736345F565}.Release|Any CPU.ActiveCfg = Release|Any CPU
		{A1E5804E-6D42-4547-8336-38736345F565}.Release|Any CPU.Build.0 = Release|Any CPU
		{00125200-BC27-4C46-937F-F5A4066246B4}.Debug|Any CPU.ActiveCfg = Debug|Any CPU
		{00125200-BC27-4C46-937F-F5A4066246B4}.Debug|Any CPU.Build.0 = Debug|Any CPU
		{00125200-BC27-4C46-937F-F5A4066246B4}.Release|Any CPU.ActiveCfg = Release|Any CPU
		{00125200-BC27-4C46-937F-F5A4066246B4}.Release|Any CPU.Build.0 = Release|Any CPU
		{BE3B9E4A-719D-4AB6-82CC-9B692A59A069}.Debug|Any CPU.ActiveCfg = Debug|Any CPU
		{BE3B9E4A-719D-4AB6-82CC-9B692A59A069}.Debug|Any CPU.Build.0 = Debug|Any CPU
		{BE3B9E4A-719D-4AB6-82CC-9B692A59A069}.Release|Any CPU.ActiveCfg = Release|Any CPU
		{BE3B9E4A-719D-4AB6-82CC-9B692A59A069}.Release|Any CPU.Build.0 = Release|Any CPU
		{607732CA-AC60-430D-9BB9-269F5F1E6303}.Debug|Any CPU.ActiveCfg = Debug|Any CPU
		{607732CA-AC60-430D-9BB9-269F5F1E6303}.Debug|Any CPU.Build.0 = Debug|Any CPU
		{607732CA-AC60-430D-9BB9-269F5F1E6303}.Release|Any CPU.ActiveCfg = Release|Any CPU
		{607732CA-AC60-430D-9BB9-269F5F1E6303}.Release|Any CPU.Build.0 = Release|Any CPU
		{7D95EE16-95A3-4048-AA22-797ADA93762A}.Debug|Any CPU.ActiveCfg = Debug|Any CPU
		{7D95EE16-95A3-4048-AA22-797ADA93762A}.Debug|Any CPU.Build.0 = Debug|Any CPU
		{7D95EE16-95A3-4048-AA22-797ADA93762A}.Release|Any CPU.ActiveCfg = Release|Any CPU
		{7D95EE16-95A3-4048-AA22-797ADA93762A}.Release|Any CPU.Build.0 = Release|Any CPU
		{E02453E4-9D50-46D6-A802-253EE6095AD5}.Debug|Any CPU.ActiveCfg = Debug|Any CPU
		{E02453E4-9D50-46D6-A802-253EE6095AD5}.Debug|Any CPU.Build.0 = Debug|Any CPU
		{E02453E4-9D50-46D6-A802-253EE6095AD5}.Release|Any CPU.ActiveCfg = Release|Any CPU
		{E02453E4-9D50-46D6-A802-253EE6095AD5}.Release|Any CPU.Build.0 = Release|Any CPU
		{570CA8DC-A26A-499F-AAB5-D0EA765C5C0E}.Debug|Any CPU.ActiveCfg = Debug|Any CPU
		{570CA8DC-A26A-499F-AAB5-D0EA765C5C0E}.Debug|Any CPU.Build.0 = Debug|Any CPU
		{570CA8DC-A26A-499F-AAB5-D0EA765C5C0E}.Release|Any CPU.ActiveCfg = Release|Any CPU
		{570CA8DC-A26A-499F-AAB5-D0EA765C5C0E}.Release|Any CPU.Build.0 = Release|Any CPU
	EndGlobalSection
	GlobalSection(SolutionProperties) = preSolution
		HideSolutionNode = FALSE
	EndGlobalSection
	GlobalSection(ExtensibilityGlobals) = postSolution
		SolutionGuid = {2E04E3CC-869E-469A-BE61-FE8C557D937F}
	EndGlobalSection
	GlobalSection(NestedProjects) = preSolution
		{19E33885-7A8F-482F-87D8-60B3130C356A} = {ABF32716-507B-4E2A-AE5C-0DE7B04A25FB}
		{D1B935DB-DB2F-4DD7-9A01-E5DCDBD790A4} = {2C249A9C-59D8-4469-BEA5-8FFE4EC7D682}
		{C64D1DBA-4539-41AC-ADC6-5A602D15D2AB} = {ABF32716-507B-4E2A-AE5C-0DE7B04A25FB}
		{240A3A37-FAAF-4AFD-9157-713543FE0F4A} = {2C249A9C-59D8-4469-BEA5-8FFE4EC7D682}
		{AC44434A-30B5-4F5B-A8EF-D14544DA01FE} = {ABF32716-507B-4E2A-AE5C-0DE7B04A25FB}
		{A1E5804E-6D42-4547-8336-38736345F565} = {2C249A9C-59D8-4469-BEA5-8FFE4EC7D682}
		{00125200-BC27-4C46-937F-F5A4066246B4} = {ABF32716-507B-4E2A-AE5C-0DE7B04A25FB}
		{BE3B9E4A-719D-4AB6-82CC-9B692A59A069} = {2C249A9C-59D8-4469-BEA5-8FFE4EC7D682}
		{607732CA-AC60-430D-9BB9-269F5F1E6303} = {ABF32716-507B-4E2A-AE5C-0DE7B04A25FB}
		{7D95EE16-95A3-4048-AA22-797ADA93762A} = {2C249A9C-59D8-4469-BEA5-8FFE4EC7D682}
		{E02453E4-9D50-46D6-A802-253EE6095AD5} = {ABF32716-507B-4E2A-AE5C-0DE7B04A25FB}
		{570CA8DC-A26A-499F-AAB5-D0EA765C5C0E} = {2C249A9C-59D8-4469-BEA5-8FFE4EC7D682}
	EndGlobalSection
EndGlobal
